
Microsoft Visual Studio Solution File, Format Version 12.00
# Visual Studio Version 17
VisualStudioVersion = 17.9.34616.47
MinimumVisualStudioVersion = 10.0.40219.1
Project("{9A19103F-16F7-4668-BE54-9A1E7A4F7556}") = "PhotoAlbum_Alcarmen", "PhotoAlbum_Alcarmen.csproj", "{A186F992-3AFD-42ED-845C-2116D69256AA}"
EndProject
Global
	GlobalSection(SolutionConfigurationPlatforms) = preSolution
		Debug|Any CPU = Debug|Any CPU
		Release|Any CPU = Release|Any CPU
	EndGlobalSection
	GlobalSection(ProjectConfigurationPlatforms) = postSolution
		{A186F992-3AFD-42ED-845C-2116D69256AA}.Debug|Any CPU.ActiveCfg = Debug|Any CPU
		{A186F992-3AFD-42ED-845C-2116D69256AA}.Debug|Any CPU.Build.0 = Debug|Any CPU
		{A186F992-3AFD-42ED-845C-2116D69256AA}.Release|Any CPU.ActiveCfg = Release|Any CPU
		{A186F992-3AFD-42ED-845C-2116D69256AA}.Release|Any CPU.Build.0 = Release|Any CPU
	EndGlobalSection
	GlobalSection(SolutionProperties) = preSolution
		HideSolutionNode = FALSE
	EndGlobalSection
	GlobalSection(ExtensibilityGlobals) = postSolution
		SolutionGuid = {D892AA59-7564-41D1-B78A-BE1A13B0430E}
	EndGlobalSection
EndGlobal
