
Microsoft Visual Studio Solution File, Format Version 12.00
# Visual Studio Version 17
VisualStudioVersion = 17.8.34525.116
MinimumVisualStudioVersion = 10.0.40219.1
Project("{FAE04EC0-301F-11D3-BF4B-00C04F79EFBC}") = "PhotoAlbum_Alcarmen", "PhotoAlbum_Alcarmen.csproj", "{A88447CF-FD80-44AC-A602-B808286E917C}"
EndProject
Global
	GlobalSection(SolutionConfigurationPlatforms) = preSolution
		Debug|Any CPU = Debug|Any CPU
		Release|Any CPU = Release|Any CPU
	EndGlobalSection
	GlobalSection(ProjectConfigurationPlatforms) = postSolution
		{A88447CF-FD80-44AC-A602-B808286E917C}.Debug|Any CPU.ActiveCfg = Debug|Any CPU
		{A88447CF-FD80-44AC-A602-B808286E917C}.Debug|Any CPU.Build.0 = Debug|Any CPU
		{A88447CF-FD80-44AC-A602-B808286E917C}.Release|Any CPU.ActiveCfg = Release|Any CPU
		{A88447CF-FD80-44AC-A602-B808286E917C}.Release|Any CPU.Build.0 = Release|Any CPU
	EndGlobalSection
	GlobalSection(SolutionProperties) = preSolution
		HideSolutionNode = FALSE
	EndGlobalSection
	GlobalSection(ExtensibilityGlobals) = postSolution
		SolutionGuid = {1F013506-41B0-4846-9850-53ED5B72B29F}
	EndGlobalSection
EndGlobal
